
Microsoft Visual Studio Solution File, Format Version 12.00
# Visual Studio Version 17
VisualStudioVersion = 17.14.36127.28 d17.14
MinimumVisualStudioVersion = 10.0.40219.1
Project("{888888A0-9F3D-457C-B088-3A5042F75D52}") = "Rishny AI", "Rishny AI.pyproj", "{ED178C95-283B-448C-93BD-4CBB12C49D9A}"
EndProject
Global
	GlobalSection(SolutionConfigurationPlatforms) = preSolution
		Debug|Any CPU = Debug|Any CPU
		Release|Any CPU = Release|Any CPU
	EndGlobalSection
	GlobalSection(ProjectConfigurationPlatforms) = postSolution
		{ED178C95-283B-448C-93BD-4CBB12C49D9A}.Debug|Any CPU.ActiveCfg = Debug|Any CPU
		{ED178C95-283B-448C-93BD-4CBB12C49D9A}.Release|Any CPU.ActiveCfg = Release|Any CPU
	EndGlobalSection
	GlobalSection(SolutionProperties) = preSolution
		HideSolutionNode = FALSE
	EndGlobalSection
	GlobalSection(ExtensibilityGlobals) = postSolution
		SolutionGuid = {F0C823C2-D8C3-43C7-B6DC-20C66CE719E8}
	EndGlobalSection
EndGlobal
